Microsoft Visual Studio Solution File, Format Version 12.00
# Visual Studio Version 17
VisualStudioVersion = 17.13.35913.81
MinimumVisualStudioVersion = 10.0.40219.1
Project("{FAE04EC0-301F-11D3-BF4B-00C04F79EFBC}") = "MonMulti", "MonMulti\MonMulti.csproj", "{A0E1C653-0CA6-442D-B3DC-8AE921200D4B}"
EndProject
Project("{FAE04EC0-301F-11D3-BF4B-00C04F79EFBC}") = "FinderX", "FinderX\FinderX.csproj", "{5733CC7F-0E3B-45CD-B33D-59BA39F6AE1A}"
EndProject
Project("{FAE04EC0-301F-11D3-BF4B-00C04F79EFBC}") = "GameObjectConfigurator", "GameObjectConfigurator\GameObjectConfigurator.csproj", "{FE0DB3F7-6389-4D01-9D60-A9FD7D7E2C62}"
EndProject
Global
	GlobalSection(SolutionConfigurationPlatforms) = preSolution
		Debug|Any CPU = Debug|Any CPU
		Release|Any CPU = Release|Any CPU
	EndGlobalSection
	GlobalSection(ProjectConfigurationPlatforms) = postSolution
		{A0E1C653-0CA6-442D-B3DC-8AE921200D4B}.Debug|Any CPU.ActiveCfg = Debug|Any CPU
		{A0E1C653-0CA6-442D-B3DC-8AE921200D4B}.Debug|Any CPU.Build.0 = Debug|Any CPU
		{A0E1C653-0CA6-442D-B3DC-8AE921200D4B}.Release|Any CPU.ActiveCfg = Release|Any CPU
		{A0E1C653-0CA6-442D-B3DC-8AE921200D4B}.Release|Any CPU.Build.0 = Release|Any CPU
		{5733CC7F-0E3B-45CD-B33D-59BA39F6AE1A}.Debug|Any CPU.ActiveCfg = Debug|Any CPU
		{5733CC7F-0E3B-45CD-B33D-59BA39F6AE1A}.Debug|Any CPU.Build.0 = Debug|Any CPU
		{5733CC7F-0E3B-45CD-B33D-59BA39F6AE1A}.Release|Any CPU.ActiveCfg = Release|Any CPU
		{5733CC7F-0E3B-45CD-B33D-59BA39F6AE1A}.Release|Any CPU.Build.0 = Release|Any CPU
		{FE0DB3F7-6389-4D01-9D60-A9FD7D7E2C62}.Debug|Any CPU.ActiveCfg = Debug|Any CPU
		{FE0DB3F7-6389-4D01-9D60-A9FD7D7E2C62}.Debug|Any CPU.Build.0 = Debug|Any CPU
		{FE0DB3F7-6389-4D01-9D60-A9FD7D7E2C62}.Release|Any CPU.ActiveCfg = Release|Any CPU
		{FE0DB3F7-6389-4D01-9D60-A9FD7D7E2C62}.Release|Any CPU.Build.0 = Release|Any CPU
	EndGlobalSection
	GlobalSection(SolutionProperties) = preSolution
		HideSolutionNode = FALSE
	EndGlobalSection
	GlobalSection(ExtensibilityGlobals) = postSolution
		SolutionGuid = {AA9B6C5F-9D9E-44E4-BB55-80B86568630C}
	EndGlobalSection
EndGlobal
